// !$*UTF8*$!
{
	archiveVersion = 1;
	classes = {
	};
	objectVersion = 46;
	objects = {

/* Begin PBXBuildFile section */
		DC9075121E8376B90084E754 /* main.cpp in Sources */ = {isa = PBXBuildFile; fileRef = DC9075111E8376B90084E754 /* main.cpp */; };
/* End PBXBuildFile section */

/* Begin PBXCopyFilesBuildPhase section */
		DC9075051E83767B0084E754 /* CopyFiles */ = {
			isa = PBXCopyFilesBuildPhase;
			buildActionMask = 2147483647;
			dstPath = /usr/share/man/man1/;
			dstSubfolderSpec = 0;
			files = (
			);
			runOnlyForDeploymentPostprocessing = 1;
		};
/* End PBXCopyFilesBuildPhase section */

/* Begin PBXFileReference section */
		DC9075071E83767B0084E754 /* splitreadsbymovie */ = {isa = PBXFileReference; explicitFileType = "compiled.mach-o.executable"; includeInIndex = 0; path = splitreadsbymovie; sourceTree = BUILT_PRODUCTS_DIR; };
		DC9075111E8376B90084E754 /* main.cpp */ = {isa = PBXFileReference; fileEncoding = 4; lastKnownFileType = sourcecode.cpp.cpp; path = main.cpp; sourceTree = "<group>"; };
		DC9075131E837DDC0084E754 /* splitreadsbymovie.h */ = {isa = PBXFileReference; lastKnownFileType = sourcecode.c.h; path = splitreadsbymovie.h; sourceTree = "<group>"; };
		DCA609781E84395B00AFAF59 /* kseq.h */ = {isa = PBXFileReference; fileEncoding = 4; lastKnownFileType = sourcecode.c.h; path = kseq.h; sourceTree = "<group>"; };
		DCA609791E84396A00AFAF59 /* Makefile */ = {isa = PBXFileReference; lastKnownFileType = sourcecode.make; path = Makefile; sourceTree = "<group>"; };
		DCA6097B1E84399B00AFAF59 /* m150624_030639_00127_c100809242550000001823177310081540_s1_p0.fasta */ = {isa = PBXFileReference; lastKnownFileType = text; path = m150624_030639_00127_c100809242550000001823177310081540_s1_p0.fasta; sourceTree = "<group>"; };
		DCA6097C1E84399B00AFAF59 /* m151210_063816_00127_c100936312550000001823205704291610_s1_p0.fasta */ = {isa = PBXFileReference; lastKnownFileType = text; path = m151210_063816_00127_c100936312550000001823205704291610_s1_p0.fasta; sourceTree = "<group>"; };
		DCA6097D1E84399B00AFAF59 /* test.seq */ = {isa = PBXFileReference; lastKnownFileType = text; path = test.seq; sourceTree = "<group>"; };
/* End PBXFileReference section */

/* Begin PBXFrameworksBuildPhase section */
		DC9075041E83767B0084E754 /* Frameworks */ = {
			isa = PBXFrameworksBuildPhase;
			buildActionMask = 2147483647;
			files = (
			);
			runOnlyForDeploymentPostprocessing = 0;
		};
/* End PBXFrameworksBuildPhase section */

/* Begin PBXGroup section */
		DC9074FE1E83767B0084E754 = {
			isa = PBXGroup;
			children = (
				DCA6097A1E84399B00AFAF59 /* test */,
				DCA609791E84396A00AFAF59 /* Makefile */,
				DCA609781E84395B00AFAF59 /* kseq.h */,
				DC9075131E837DDC0084E754 /* splitreadsbymovie.h */,
				DC9075111E8376B90084E754 /* main.cpp */,
				DC9075081E83767B0084E754 /* Products */,
			);
			sourceTree = "<group>";
		};
		DC9075081E83767B0084E754 /* Products */ = {
			isa = PBXGroup;
			children = (
				DC9075071E83767B0084E754 /* splitreadsbymovie */,
			);
			name = Products;
			sourceTree = "<group>";
		};
		DCA6097A1E84399B00AFAF59 /* test */ = {
			isa = PBXGroup;
			children = (
				DCA6097B1E84399B00AFAF59 /* m150624_030639_00127_c100809242550000001823177310081540_s1_p0.fasta */,
				DCA6097C1E84399B00AFAF59 /* m151210_063816_00127_c100936312550000001823205704291610_s1_p0.fasta */,
				DCA6097D1E84399B00AFAF59 /* test.seq */,
			);
			path = test;
			sourceTree = "<group>";
		};
/* End PBXGroup section */

/* Begin PBXNativeTarget section */
		DC9075061E83767B0084E754 /* splitreadsbymovie */ = {
			isa = PBXNativeTarget;
			buildConfigurationList = DC90750E1E83767B0084E754 /* Build configuration list for PBXNativeTarget "splitreadsbymovie" */;
			buildPhases = (
				DC9075031E83767B0084E754 /* Sources */,
				DC9075041E83767B0084E754 /* Frameworks */,
				DC9075051E83767B0084E754 /* CopyFiles */,
			);
			buildRules = (
			);
			dependencies = (
			);
			name = splitreadsbymovie;
			productName = splitreadsbymovie;
			productReference = DC9075071E83767B0084E754 /* splitreadsbymovie */;
			productType = "com.apple.product-type.tool";
		};
/* End PBXNativeTarget section */

/* Begin PBXProject section */
		DC9074FF1E83767B0084E754 /* Project object */ = {
			isa = PBXProject;
			attributes = {
				LastUpgradeCheck = 0810;
				ORGANIZATIONNAME = "Icahn School of Medicine at Mount Sinai";
				TargetAttributes = {
					DC9075061E83767B0084E754 = {
						CreatedOnToolsVersion = 8.1;
						ProvisioningStyle = Automatic;
					};
				};
			};
			buildConfigurationList = DC9075021E83767B0084E754 /* Build configuration list for PBXProject "splitreadsbymovie" */;
			compatibilityVersion = "Xcode 3.2";
			developmentRegion = English;
			hasScannedForEncodings = 0;
			knownRegions = (
				en,
			);
			mainGroup = DC9074FE1E83767B0084E754;
			productRefGroup = DC9075081E83767B0084E754 /* Products */;
			projectDirPath = "";
			projectRoot = "";
			targets = (
				DC9075061E83767B0084E754 /* splitreadsbymovie */,
			);
		};
/* End PBXProject section */

/* Begin PBXSourcesBuildPhase section */
		DC9075031E83767B0084E754 /* Sources */ = {
			isa = PBXSourcesBuildPhase;
			buildActionMask = 2147483647;
			files = (
				DC9075121E8376B90084E754 /* main.cpp in Sources */,
			);
			runOnlyForDeploymentPostprocessing = 0;
		};
/* End PBXSourcesBuildPhase section */

/* Begin XCBuildConfiguration section */
		DC90750C1E83767B0084E754 /* Debug */ = {
			isa = XCBuildConfiguration;
			buildSettings = {
				ALWAYS_SEARCH_USER_PATHS = NO;
				CLANG_ANALYZER_NONNULL = YES;
				CLANG_CXX_LANGUAGE_STANDARD = "gnu++0x";
				CLANG_CXX_LIBRARY = "libc++";
				CLANG_ENABLE_MODULES = YES;
				CLANG_ENABLE_OBJC_ARC = YES;
				CLANG_WARN_BOOL_CONVERSION = YES;
				CLANG_WARN_CONSTANT_CONVERSION = YES;
				CLANG_WARN_DIRECT_OBJC_ISA_USAGE = YES_ERROR;
				CLANG_WARN_DOCUMENTATION_COMMENTS = YES;
				CLANG_WARN_EMPTY_BODY = YES;
				CLANG_WARN_ENUM_CONVERSION = YES;
				CLANG_WARN_INFINITE_RECURSION = YES;
				CLANG_WARN_INT_CONVERSION = YES;
				CLANG_WARN_OBJC_ROOT_CLASS = YES_ERROR;
				CLANG_WARN_SUSPICIOUS_MOVES = YES;
				CLANG_WARN_UNREACHABLE_CODE = YES;
				CLANG_WARN__DUPLICATE_METHOD_MATCH = YES;
				CODE_SIGN_IDENTITY = "-";
				COPY_PHASE_STRIP = NO;
				DEBUG_INFORMATION_FORMAT = dwarf;
				ENABLE_STRICT_OBJC_MSGSEND = YES;
				ENABLE_TESTABILITY = YES;
				GCC_C_LANGUAGE_STANDARD = gnu99;
				GCC_DYNAMIC_NO_PIC = NO;
				GCC_NO_COMMON_BLOCKS = YES;
				GCC_OPTIMIZATION_LEVEL = 0;
				GCC_PREPROCESSOR_DEFINITIONS = (
					"DEBUG=1",
					"$(inherited)",
				);
				GCC_WARN_64_TO_32_BIT_CONVERSION = YES;
				GCC_WARN_ABOUT_RETURN_TYPE = YES_ERROR;
				GCC_WARN_UNDECLARED_SELECTOR = YES;
				GCC_WARN_UNINITIALIZED_AUTOS = YES_AGGRESSIVE;
				GCC_WARN_UNUSED_FUNCTION = YES;
				GCC_WARN_UNUSED_VARIABLE = YES;
				MACOSX_DEPLOYMENT_TARGET = 10.11;
				MTL_ENABLE_DEBUG_INFO = YES;
				ONLY_ACTIVE_ARCH = YES;
				OTHER_LDFLAGS = "-lz";
				SDKROOT = macosx;
			};
			name = Debug;
		};
		DC90750D1E83767B0084E754 /* Release */ = {
			isa = XCBuildConfiguration;
			buildSettings = {
				ALWAYS_SEARCH_USER_PATHS = NO;
				CLANG_ANALYZER_NONNULL = YES;
				CLANG_CXX_LANGUAGE_STANDARD = "gnu++0x";
				CLANG_CXX_LIBRARY = "libc++";
				CLANG_ENABLE_MODULES = YES;
				CLANG_ENABLE_OBJC_ARC = YES;
				CLANG_WARN_BOOL_CONVERSION = YES;
				CLANG_WARN_CONSTANT_CONVERSION = YES;
				CLANG_WARN_DIRECT_OBJC_ISA_USAGE = YES_ERROR;
				CLANG_WARN_DOCUMENTATION_COMMENTS = YES;
				CLANG_WARN_EMPTY_BODY = YES;
				CLANG_WARN_ENUM_CONVERSION = YES;
				CLANG_WARN_INFINITE_RECURSION = YES;
				CLANG_WARN_INT_CONVERSION = YES;
				CLANG_WARN_OBJC_ROOT_CLASS = YES_ERROR;
				CLANG_WARN_SUSPICIOUS_MOVES = YES;
				CLANG_WARN_UNREACHABLE_CODE = YES;
				CLANG_WARN__DUPLICATE_METHOD_MATCH = YES;
				CODE_SIGN_IDENTITY = "-";
				COPY_PHASE_STRIP = NO;
				DEBUG_INFORMATION_FORMAT = "dwarf-with-dsym";
				ENABLE_NS_ASSERTIONS = NO;
				ENABLE_STRICT_OBJC_MSGSEND = YES;
				GCC_C_LANGUAGE_STANDARD = gnu99;
				GCC_NO_COMMON_BLOCKS = YES;
				GCC_WARN_64_TO_32_BIT_CONVERSION = YES;
				GCC_WARN_ABOUT_RETURN_TYPE = YES_ERROR;
				GCC_WARN_UNDECLARED_SELECTOR = YES;
				GCC_WARN_UNINITIALIZED_AUTOS = YES_AGGRESSIVE;
				GCC_WARN_UNUSED_FUNCTION = YES;
				GCC_WARN_UNUSED_VARIABLE = YES;
				MACOSX_DEPLOYMENT_TARGET = 10.11;
				MTL_ENABLE_DEBUG_INFO = NO;
				OTHER_LDFLAGS = "-lz";
				SDKROOT = macosx;
			};
			name = Release;
		};
		DC90750F1E83767B0084E754 /* Debug */ = {
			isa = XCBuildConfiguration;
			buildSettings = {
				PRODUCT_NAME = "$(TARGET_NAME)";
			};
			name = Debug;
		};
		DC9075101E83767B0084E754 /* Release */ = {
			isa = XCBuildConfiguration;
			buildSettings = {
				PRODUCT_NAME = "$(TARGET_NAME)";
			};
			name = Release;
		};
/* End XCBuildConfiguration section */

/* Begin XCConfigurationList section */
		DC9075021E83767B0084E754 /* Build configuration list for PBXProject "splitreadsbymovie" */ = {
			isa = XCConfigurationList;
			buildConfigurations = (
				DC90750C1E83767B0084E754 /* Debug */,
				DC90750D1E83767B0084E754 /* Release */,
			);
			defaultConfigurationIsVisible = 0;
			defaultConfigurationName = Release;
		};
		DC90750E1E83767B0084E754 /* Build configuration list for PBXNativeTarget "splitreadsbymovie" */ = {
			isa = XCConfigurationList;
			buildConfigurations = (
				DC90750F1E83767B0084E754 /* Debug */,
				DC9075101E83767B0084E754 /* Release */,
			);
			defaultConfigurationIsVisible = 0;
			defaultConfigurationName = Release;
		};
/* End XCConfigurationList section */
	};
	rootObject = DC9074FF1E83767B0084E754 /* Project object */;
}
